
Microsoft Visual Studio Solution File, Format Version 12.00
# Visual Studio Version 17
VisualStudioVersion = 17.7.34031.279
MinimumVisualStudioVersion = 10.0.40219.1
Project("{FAE04EC0-301F-11D3-BF4B-00C04F79EFBC}") = "213043_Assignment#04_OneWayDataBinding", "213043_Assignment#04_OneWayDataBinding\213043_Assignment#04_OneWayDataBinding.csproj", "{EE94B9F6-9DBA-4D3A-A425-CB87354024F1}"
EndProject
Global
	GlobalSection(SolutionConfigurationPlatforms) = preSolution
		Debug|Any CPU = Debug|Any CPU
		Release|Any CPU = Release|Any CPU
	EndGlobalSection
	GlobalSection(ProjectConfigurationPlatforms) = postSolution
		{EE94B9F6-9DBA-4D3A-A425-CB87354024F1}.Debug|Any CPU.ActiveCfg = Debug|Any CPU
		{EE94B9F6-9DBA-4D3A-A425-CB87354024F1}.Debug|Any CPU.Build.0 = Debug|Any CPU
		{EE94B9F6-9DBA-4D3A-A425-CB87354024F1}.Release|Any CPU.ActiveCfg = Release|Any CPU
		{EE94B9F6-9DBA-4D3A-A425-CB87354024F1}.Release|Any CPU.Build.0 = Release|Any CPU
	EndGlobalSection
	GlobalSection(SolutionProperties) = preSolution
		HideSolutionNode = FALSE
	EndGlobalSection
	GlobalSection(ExtensibilityGlobals) = postSolution
		SolutionGuid = {41F78FBE-4BD4-4B73-9659-9A660A64E46D}
	EndGlobalSection
EndGlobal
